
Microsoft Visual Studio Solution File, Format Version 12.00
# Visual Studio 15
VisualStudioVersion = 15.0.27004.2005
MinimumVisualStudioVersion = 10.0.40219.1
Project("{9A19103F-16F7-4668-BE54-9A1E7A4F7556}") = "Shipwreck.TypeScriptModels", "Shipwreck.TypeScriptModels\Shipwreck.TypeScriptModels.csproj", "{0B86311A-B8CF-4BF5-B4E6-795C411A5F47}"
EndProject
Project("{FAE04EC0-301F-11D3-BF4B-00C04F79EFBC}") = "Shipwreck.TypeScriptModels.Tests", "Shipwreck.TypeScriptModels.Tests\Shipwreck.TypeScriptModels.Tests.csproj", "{D0B60A6F-D801-4FC2-A5B0-CB10FCC52492}"
EndProject
Project("{FAE04EC0-301F-11D3-BF4B-00C04F79EFBC}") = "Shipwreck.TypeScriptModels.Decompiler", "Shipwreck.TypeScriptModels.Decompiler\Shipwreck.TypeScriptModels.Decompiler.csproj", "{C9C20A83-56B4-4D9C-8EFE-80B1E6A04F64}"
EndProject
Project("{FAE04EC0-301F-11D3-BF4B-00C04F79EFBC}") = "Shipwreck.TypeScriptModels.Decompiler.Tests", "Shipwreck.TypeScriptModels.Decompiler.Tests\Shipwreck.TypeScriptModels.Decompiler.Tests.csproj", "{CAC2D534-FA93-4E4D-94D8-D7F878F97FD7}"
EndProject
Project("{FAE04EC0-301F-11D3-BF4B-00C04F79EFBC}") = "ICSharpCode.Decompiler", "..\ILSpy\ICSharpCode.Decompiler\ICSharpCode.Decompiler.csproj", "{984CC812-9470-4A13-AFF9-CC44068D666C}"
EndProject
Project("{FAE04EC0-301F-11D3-BF4B-00C04F79EFBC}") = "ICSharpCode.NRefactory", "..\ILSpy\NRefactory\ICSharpCode.NRefactory\ICSharpCode.NRefactory.csproj", "{3B2A5653-EC97-4001-BB9B-D90F1AF2C371}"
EndProject
Project("{FAE04EC0-301F-11D3-BF4B-00C04F79EFBC}") = "ICSharpCode.NRefactory.CSharp", "..\ILSpy\NRefactory\ICSharpCode.NRefactory.CSharp\ICSharpCode.NRefactory.CSharp.csproj", "{53DCA265-3C3C-42F9-B647-F72BA678122B}"
EndProject
Project("{FAE04EC0-301F-11D3-BF4B-00C04F79EFBC}") = "Mono.Cecil", "..\ILSpy\cecil\Mono.Cecil.csproj", "{D68133BD-1E63-496E-9EDE-4FBDBF77B486}"
EndProject
Project("{2150E333-8FDC-42A3-9474-1A3956D46DE8}") = "ILSpy", "ILSpy", "{6C8C82AE-C2D8-4EFB-BDFA-0837E638B663}"
EndProject
Project("{9A19103F-16F7-4668-BE54-9A1E7A4F7556}") = "Shipwreck.TypeScriptModels.JsonNet", "Shipwreck.TypeScriptModels.JsonNet\Shipwreck.TypeScriptModels.JsonNet.csproj", "{C2C927BA-1F91-40F8-B4BF-F67077D810A8}"
EndProject
Global
	GlobalSection(SolutionConfigurationPlatforms) = preSolution
		Debug|Any CPU = Debug|Any CPU
		net_2_0_Release|Any CPU = net_2_0_Release|Any CPU
		net_3_5_Debug|Any CPU = net_3_5_Debug|Any CPU
		net_3_5_Release|Any CPU = net_3_5_Release|Any CPU
		net_4_0_Debug|Any CPU = net_4_0_Debug|Any CPU
		net_4_0_Release|Any CPU = net_4_0_Release|Any CPU
		net_4_5_Debug|Any CPU = net_4_5_Debug|Any CPU
		net_4_5_Release|Any CPU = net_4_5_Release|Any CPU
		pcl_Debug|Any CPU = pcl_Debug|Any CPU
		pcl_Release|Any CPU = pcl_Release|Any CPU
		Release|Any CPU = Release|Any CPU
	EndGlobalSection
	GlobalSection(ProjectConfigurationPlatforms) = postSolution
		{0B86311A-B8CF-4BF5-B4E6-795C411A5F47}.Debug|Any CPU.ActiveCfg = Debug|Any CPU
		{0B86311A-B8CF-4BF5-B4E6-795C411A5F47}.Debug|Any CPU.Build.0 = Debug|Any CPU
		{0B86311A-B8CF-4BF5-B4E6-795C411A5F47}.net_2_0_Release|Any CPU.ActiveCfg = Release|Any CPU
		{0B86311A-B8CF-4BF5-B4E6-795C411A5F47}.net_2_0_Release|Any CPU.Build.0 = Release|Any CPU
		{0B86311A-B8CF-4BF5-B4E6-795C411A5F47}.net_3_5_Debug|Any CPU.ActiveCfg = Debug|Any CPU
		{0B86311A-B8CF-4BF5-B4E6-795C411A5F47}.net_3_5_Debug|Any CPU.Build.0 = Debug|Any CPU
		{0B86311A-B8CF-4BF5-B4E6-795C411A5F47}.net_3_5_Release|Any CPU.ActiveCfg = Release|Any CPU
		{0B86311A-B8CF-4BF5-B4E6-795C411A5F47}.net_3_5_Release|Any CPU.Build.0 = Release|Any CPU
		{0B86311A-B8CF-4BF5-B4E6-795C411A5F47}.net_4_0_Debug|Any CPU.ActiveCfg = Debug|Any CPU
		{0B86311A-B8CF-4BF5-B4E6-795C411A5F47}.net_4_0_Debug|Any CPU.Build.0 = Debug|Any CPU
		{0B86311A-B8CF-4BF5-B4E6-795C411A5F47}.net_4_0_Release|Any CPU.ActiveCfg = Release|Any CPU
		{0B86311A-B8CF-4BF5-B4E6-795C411A5F47}.net_4_0_Release|Any CPU.Build.0 = Release|Any CPU
		{0B86311A-B8CF-4BF5-B4E6-795C411A5F47}.net_4_5_Debug|Any CPU.ActiveCfg = Debug|Any CPU
		{0B86311A-B8CF-4BF5-B4E6-795C411A5F47}.net_4_5_Debug|Any CPU.Build.0 = Debug|Any CPU
		{0B86311A-B8CF-4BF5-B4E6-795C411A5F47}.net_4_5_Release|Any CPU.ActiveCfg = Release|Any CPU
		{0B86311A-B8CF-4BF5-B4E6-795C411A5F47}.net_4_5_Release|Any CPU.Build.0 = Release|Any CPU
		{0B86311A-B8CF-4BF5-B4E6-795C411A5F47}.pcl_Debug|Any CPU.ActiveCfg = Debug|Any CPU
		{0B86311A-B8CF-4BF5-B4E6-795C411A5F47}.pcl_Debug|Any CPU.Build.0 = Debug|Any CPU
		{0B86311A-B8CF-4BF5-B4E6-795C411A5F47}.pcl_Release|Any CPU.ActiveCfg = Release|Any CPU
		{0B86311A-B8CF-4BF5-B4E6-795C411A5F47}.pcl_Release|Any CPU.Build.0 = Release|Any CPU
		{0B86311A-B8CF-4BF5-B4E6-795C411A5F47}.Release|Any CPU.ActiveCfg = Release|Any CPU
		{0B86311A-B8CF-4BF5-B4E6-795C411A5F47}.Release|Any CPU.Build.0 = Release|Any CPU
		{D0B60A6F-D801-4FC2-A5B0-CB10FCC52492}.Debug|Any CPU.ActiveCfg = Debug|Any CPU
		{D0B60A6F-D801-4FC2-A5B0-CB10FCC52492}.Debug|Any CPU.Build.0 = Debug|Any CPU
		{D0B60A6F-D801-4FC2-A5B0-CB10FCC52492}.net_2_0_Release|Any CPU.ActiveCfg = Release|Any CPU
		{D0B60A6F-D801-4FC2-A5B0-CB10FCC52492}.net_2_0_Release|Any CPU.Build.0 = Release|Any CPU
		{D0B60A6F-D801-4FC2-A5B0-CB10FCC52492}.net_3_5_Debug|Any CPU.ActiveCfg = Debug|Any CPU
		{D0B60A6F-D801-4FC2-A5B0-CB10FCC52492}.net_3_5_Debug|Any CPU.Build.0 = Debug|Any CPU
		{D0B60A6F-D801-4FC2-A5B0-CB10FCC52492}.net_3_5_Release|Any CPU.ActiveCfg = Release|Any CPU
		{D0B60A6F-D801-4FC2-A5B0-CB10FCC52492}.net_3_5_Release|Any CPU.Build.0 = Release|Any CPU
		{D0B60A6F-D801-4FC2-A5B0-CB10FCC52492}.net_4_0_Debug|Any CPU.ActiveCfg = Debug|Any CPU
		{D0B60A6F-D801-4FC2-A5B0-CB10FCC52492}.net_4_0_Debug|Any CPU.Build.0 = Debug|Any CPU
		{D0B60A6F-D801-4FC2-A5B0-CB10FCC52492}.net_4_0_Release|Any CPU.ActiveCfg = Release|Any CPU
		{D0B60A6F-D801-4FC2-A5B0-CB10FCC52492}.net_4_0_Release|Any CPU.Build.0 = Release|Any CPU
		{D0B60A6F-D801-4FC2-A5B0-CB10FCC52492}.net_4_5_Debug|Any CPU.ActiveCfg = Debug|Any CPU
		{D0B60A6F-D801-4FC2-A5B0-CB10FCC52492}.net_4_5_Debug|Any CPU.Build.0 = Debug|Any CPU
		{D0B60A6F-D801-4FC2-A5B0-CB10FCC52492}.net_4_5_Release|Any CPU.ActiveCfg = Release|Any CPU
		{D0B60A6F-D801-4FC2-A5B0-CB10FCC52492}.net_4_5_Release|Any CPU.Build.0 = Release|Any CPU
		{D0B60A6F-D801-4FC2-A5B0-CB10FCC52492}.pcl_Debug|Any CPU.ActiveCfg = Debug|Any CPU
		{D0B60A6F-D801-4FC2-A5B0-CB10FCC52492}.pcl_Debug|Any CPU.Build.0 = Debug|Any CPU
		{D0B60A6F-D801-4FC2-A5B0-CB10FCC52492}.pcl_Release|Any CPU.ActiveCfg = Release|Any CPU
		{D0B60A6F-D801-4FC2-A5B0-CB10FCC52492}.pcl_Release|Any CPU.Build.0 = Release|Any CPU
		{D0B60A6F-D801-4FC2-A5B0-CB10FCC52492}.Release|Any CPU.ActiveCfg = Release|Any CPU
		{D0B60A6F-D801-4FC2-A5B0-CB10FCC52492}.Release|Any CPU.Build.0 = Release|Any CPU
		{C9C20A83-56B4-4D9C-8EFE-80B1E6A04F64}.Debug|Any CPU.ActiveCfg = Debug|Any CPU
		{C9C20A83-56B4-4D9C-8EFE-80B1E6A04F64}.Debug|Any CPU.Build.0 = Debug|Any CPU
		{C9C20A83-56B4-4D9C-8EFE-80B1E6A04F64}.net_2_0_Release|Any CPU.ActiveCfg = Release|Any CPU
		{C9C20A83-56B4-4D9C-8EFE-80B1E6A04F64}.net_2_0_Release|Any CPU.Build.0 = Release|Any CPU
		{C9C20A83-56B4-4D9C-8EFE-80B1E6A04F64}.net_3_5_Debug|Any CPU.ActiveCfg = Debug|Any CPU
		{C9C20A83-56B4-4D9C-8EFE-80B1E6A04F64}.net_3_5_Debug|Any CPU.Build.0 = Debug|Any CPU
		{C9C20A83-56B4-4D9C-8EFE-80B1E6A04F64}.net_3_5_Release|Any CPU.ActiveCfg = Release|Any CPU
		{C9C20A83-56B4-4D9C-8EFE-80B1E6A04F64}.net_3_5_Release|Any CPU.Build.0 = Release|Any CPU
		{C9C20A83-56B4-4D9C-8EFE-80B1E6A04F64}.net_4_0_Debug|Any CPU.ActiveCfg = Debug|Any CPU
		{C9C20A83-56B4-4D9C-8EFE-80B1E6A04F64}.net_4_0_Debug|Any CPU.Build.0 = Debug|Any CPU
		{C9C20A83-56B4-4D9C-8EFE-80B1E6A04F64}.net_4_0_Release|Any CPU.ActiveCfg = Release|Any CPU
		{C9C20A83-56B4-4D9C-8EFE-80B1E6A04F64}.net_4_0_Release|Any CPU.Build.0 = Release|Any CPU
		{C9C20A83-56B4-4D9C-8EFE-80B1E6A04F64}.net_4_5_Debug|Any CPU.ActiveCfg = Debug|Any CPU
		{C9C20A83-56B4-4D9C-8EFE-80B1E6A04F64}.net_4_5_Debug|Any CPU.Build.0 = Debug|Any CPU
		{C9C20A83-56B4-4D9C-8EFE-80B1E6A04F64}.net_4_5_Release|Any CPU.ActiveCfg = Release|Any CPU
		{C9C20A83-56B4-4D9C-8EFE-80B1E6A04F64}.net_4_5_Release|Any CPU.Build.0 = Release|Any CPU
		{C9C20A83-56B4-4D9C-8EFE-80B1E6A04F64}.pcl_Debug|Any CPU.ActiveCfg = Debug|Any CPU
		{C9C20A83-56B4-4D9C-8EFE-80B1E6A04F64}.pcl_Debug|Any CPU.Build.0 = Debug|Any CPU
		{C9C20A83-56B4-4D9C-8EFE-80B1E6A04F64}.pcl_Release|Any CPU.ActiveCfg = Release|Any CPU
		{C9C20A83-56B4-4D9C-8EFE-80B1E6A04F64}.pcl_Release|Any CPU.Build.0 = Release|Any CPU
		{C9C20A83-56B4-4D9C-8EFE-80B1E6A04F64}.Release|Any CPU.ActiveCfg = Release|Any CPU
		{C9C20A83-56B4-4D9C-8EFE-80B1E6A04F64}.Release|Any CPU.Build.0 = Release|Any CPU
		{CAC2D534-FA93-4E4D-94D8-D7F878F97FD7}.Debug|Any CPU.ActiveCfg = Debug|Any CPU
		{CAC2D534-FA93-4E4D-94D8-D7F878F97FD7}.Debug|Any CPU.Build.0 = Debug|Any CPU
		{CAC2D534-FA93-4E4D-94D8-D7F878F97FD7}.net_2_0_Release|Any CPU.ActiveCfg = Release|Any CPU
		{CAC2D534-FA93-4E4D-94D8-D7F878F97FD7}.net_2_0_Release|Any CPU.Build.0 = Release|Any CPU
		{CAC2D534-FA93-4E4D-94D8-D7F878F97FD7}.net_3_5_Debug|Any CPU.ActiveCfg = Debug|Any CPU
		{CAC2D534-FA93-4E4D-94D8-D7F878F97FD7}.net_3_5_Debug|Any CPU.Build.0 = Debug|Any CPU
		{CAC2D534-FA93-4E4D-94D8-D7F878F97FD7}.net_3_5_Release|Any CPU.ActiveCfg = Release|Any CPU
		{CAC2D534-FA93-4E4D-94D8-D7F878F97FD7}.net_3_5_Release|Any CPU.Build.0 = Release|Any CPU
		{CAC2D534-FA93-4E4D-94D8-D7F878F97FD7}.net_4_0_Debug|Any CPU.ActiveCfg = Debug|Any CPU
		{CAC2D534-FA93-4E4D-94D8-D7F878F97FD7}.net_4_0_Debug|Any CPU.Build.0 = Debug|Any CPU
		{CAC2D534-FA93-4E4D-94D8-D7F878F97FD7}.net_4_0_Release|Any CPU.ActiveCfg = Release|Any CPU
		{CAC2D534-FA93-4E4D-94D8-D7F878F97FD7}.net_4_0_Release|Any CPU.Build.0 = Release|Any CPU
		{CAC2D534-FA93-4E4D-94D8-D7F878F97FD7}.net_4_5_Debug|Any CPU.ActiveCfg = Debug|Any CPU
		{CAC2D534-FA93-4E4D-94D8-D7F878F97FD7}.net_4_5_Debug|Any CPU.Build.0 = Debug|Any CPU
		{CAC2D534-FA93-4E4D-94D8-D7F878F97FD7}.net_4_5_Release|Any CPU.ActiveCfg = Release|Any CPU
		{CAC2D534-FA93-4E4D-94D8-D7F878F97FD7}.net_4_5_Release|Any CPU.Build.0 = Release|Any CPU
		{CAC2D534-FA93-4E4D-94D8-D7F878F97FD7}.pcl_Debug|Any CPU.ActiveCfg = Debug|Any CPU
		{CAC2D534-FA93-4E4D-94D8-D7F878F97FD7}.pcl_Debug|Any CPU.Build.0 = Debug|Any CPU
		{CAC2D534-FA93-4E4D-94D8-D7F878F97FD7}.pcl_Release|Any CPU.ActiveCfg = Release|Any CPU
		{CAC2D534-FA93-4E4D-94D8-D7F878F97FD7}.pcl_Release|Any CPU.Build.0 = Release|Any CPU
		{CAC2D534-FA93-4E4D-94D8-D7F878F97FD7}.Release|Any CPU.ActiveCfg = Release|Any CPU
		{CAC2D534-FA93-4E4D-94D8-D7F878F97FD7}.Release|Any CPU.Build.0 = Release|Any CPU
		{984CC812-9470-4A13-AFF9-CC44068D666C}.Debug|Any CPU.ActiveCfg = Debug|Any CPU
		{984CC812-9470-4A13-AFF9-CC44068D666C}.Debug|Any CPU.Build.0 = Debug|Any CPU
		{984CC812-9470-4A13-AFF9-CC44068D666C}.net_2_0_Release|Any CPU.ActiveCfg = Release|Any CPU
		{984CC812-9470-4A13-AFF9-CC44068D666C}.net_2_0_Release|Any CPU.Build.0 = Release|Any CPU
		{984CC812-9470-4A13-AFF9-CC44068D666C}.net_3_5_Debug|Any CPU.ActiveCfg = Debug|Any CPU
		{984CC812-9470-4A13-AFF9-CC44068D666C}.net_3_5_Debug|Any CPU.Build.0 = Debug|Any CPU
		{984CC812-9470-4A13-AFF9-CC44068D666C}.net_3_5_Release|Any CPU.ActiveCfg = Release|Any CPU
		{984CC812-9470-4A13-AFF9-CC44068D666C}.net_3_5_Release|Any CPU.Build.0 = Release|Any CPU
		{984CC812-9470-4A13-AFF9-CC44068D666C}.net_4_0_Debug|Any CPU.ActiveCfg = Debug|Any CPU
		{984CC812-9470-4A13-AFF9-CC44068D666C}.net_4_0_Debug|Any CPU.Build.0 = Debug|Any CPU
		{984CC812-9470-4A13-AFF9-CC44068D666C}.net_4_0_Release|Any CPU.ActiveCfg = Release|Any CPU
		{984CC812-9470-4A13-AFF9-CC44068D666C}.net_4_0_Release|Any CPU.Build.0 = Release|Any CPU
		{984CC812-9470-4A13-AFF9-CC44068D666C}.net_4_5_Debug|Any CPU.ActiveCfg = Debug|Any CPU
		{984CC812-9470-4A13-AFF9-CC44068D666C}.net_4_5_Debug|Any CPU.Build.0 = Debug|Any CPU
		{984CC812-9470-4A13-AFF9-CC44068D666C}.net_4_5_Release|Any CPU.ActiveCfg = Release|Any CPU
		{984CC812-9470-4A13-AFF9-CC44068D666C}.net_4_5_Release|Any CPU.Build.0 = Release|Any CPU
		{984CC812-9470-4A13-AFF9-CC44068D666C}.pcl_Debug|Any CPU.ActiveCfg = Debug|Any CPU
		{984CC812-9470-4A13-AFF9-CC44068D666C}.pcl_Debug|Any CPU.Build.0 = Debug|Any CPU
		{984CC812-9470-4A13-AFF9-CC44068D666C}.pcl_Release|Any CPU.ActiveCfg = Release|Any CPU
		{984CC812-9470-4A13-AFF9-CC44068D666C}.pcl_Release|Any CPU.Build.0 = Release|Any CPU
		{984CC812-9470-4A13-AFF9-CC44068D666C}.Release|Any CPU.ActiveCfg = Release|Any CPU
		{984CC812-9470-4A13-AFF9-CC44068D666C}.Release|Any CPU.Build.0 = Release|Any CPU
		{3B2A5653-EC97-4001-BB9B-D90F1AF2C371}.Debug|Any CPU.ActiveCfg = Debug|Any CPU
		{3B2A5653-EC97-4001-BB9B-D90F1AF2C371}.Debug|Any CPU.Build.0 = Debug|Any CPU
		{3B2A5653-EC97-4001-BB9B-D90F1AF2C371}.net_2_0_Release|Any CPU.ActiveCfg = Release|Any CPU
		{3B2A5653-EC97-4001-BB9B-D90F1AF2C371}.net_2_0_Release|Any CPU.Build.0 = Release|Any CPU
		{3B2A5653-EC97-4001-BB9B-D90F1AF2C371}.net_3_5_Debug|Any CPU.ActiveCfg = Debug|Any CPU
		{3B2A5653-EC97-4001-BB9B-D90F1AF2C371}.net_3_5_Debug|Any CPU.Build.0 = Debug|Any CPU
		{3B2A5653-EC97-4001-BB9B-D90F1AF2C371}.net_3_5_Release|Any CPU.ActiveCfg = Release|Any CPU
		{3B2A5653-EC97-4001-BB9B-D90F1AF2C371}.net_3_5_Release|Any CPU.Build.0 = Release|Any CPU
		{3B2A5653-EC97-4001-BB9B-D90F1AF2C371}.net_4_0_Debug|Any CPU.ActiveCfg = net_4_5_Release|Any CPU
		{3B2A5653-EC97-4001-BB9B-D90F1AF2C371}.net_4_0_Debug|Any CPU.Build.0 = net_4_5_Release|Any CPU
		{3B2A5653-EC97-4001-BB9B-D90F1AF2C371}.net_4_0_Release|Any CPU.ActiveCfg = Release|Any CPU
		{3B2A5653-EC97-4001-BB9B-D90F1AF2C371}.net_4_0_Release|Any CPU.Build.0 = Release|Any CPU
		{3B2A5653-EC97-4001-BB9B-D90F1AF2C371}.net_4_5_Debug|Any CPU.ActiveCfg = net_4_5_Debug|Any CPU
		{3B2A5653-EC97-4001-BB9B-D90F1AF2C371}.net_4_5_Debug|Any CPU.Build.0 = net_4_5_Debug|Any CPU
		{3B2A5653-EC97-4001-BB9B-D90F1AF2C371}.net_4_5_Release|Any CPU.ActiveCfg = net_4_5_Release|Any CPU
		{3B2A5653-EC97-4001-BB9B-D90F1AF2C371}.net_4_5_Release|Any CPU.Build.0 = net_4_5_Release|Any CPU
		{3B2A5653-EC97-4001-BB9B-D90F1AF2C371}.pcl_Debug|Any CPU.ActiveCfg = Debug|Any CPU
		{3B2A5653-EC97-4001-BB9B-D90F1AF2C371}.pcl_Debug|Any CPU.Build.0 = Debug|Any CPU
		{3B2A5653-EC97-4001-BB9B-D90F1AF2C371}.pcl_Release|Any CPU.ActiveCfg = Release|Any CPU
		{3B2A5653-EC97-4001-BB9B-D90F1AF2C371}.pcl_Release|Any CPU.Build.0 = Release|Any CPU
		{3B2A5653-EC97-4001-BB9B-D90F1AF2C371}.Release|Any CPU.ActiveCfg = Release|Any CPU
		{3B2A5653-EC97-4001-BB9B-D90F1AF2C371}.Release|Any CPU.Build.0 = Release|Any CPU
		{53DCA265-3C3C-42F9-B647-F72BA678122B}.Debug|Any CPU.ActiveCfg = Debug|Any CPU
		{53DCA265-3C3C-42F9-B647-F72BA678122B}.Debug|Any CPU.Build.0 = Debug|Any CPU
		{53DCA265-3C3C-42F9-B647-F72BA678122B}.net_2_0_Release|Any CPU.ActiveCfg = Release|Any CPU
		{53DCA265-3C3C-42F9-B647-F72BA678122B}.net_2_0_Release|Any CPU.Build.0 = Release|Any CPU
		{53DCA265-3C3C-42F9-B647-F72BA678122B}.net_3_5_Debug|Any CPU.ActiveCfg = Debug|Any CPU
		{53DCA265-3C3C-42F9-B647-F72BA678122B}.net_3_5_Debug|Any CPU.Build.0 = Debug|Any CPU
		{53DCA265-3C3C-42F9-B647-F72BA678122B}.net_3_5_Release|Any CPU.ActiveCfg = Release|Any CPU
		{53DCA265-3C3C-42F9-B647-F72BA678122B}.net_3_5_Release|Any CPU.Build.0 = Release|Any CPU
		{53DCA265-3C3C-42F9-B647-F72BA678122B}.net_4_0_Debug|Any CPU.ActiveCfg = net_4_5_Release|Any CPU
		{53DCA265-3C3C-42F9-B647-F72BA678122B}.net_4_0_Debug|Any CPU.Build.0 = net_4_5_Release|Any CPU
		{53DCA265-3C3C-42F9-B647-F72BA678122B}.net_4_0_Release|Any CPU.ActiveCfg = Release|Any CPU
		{53DCA265-3C3C-42F9-B647-F72BA678122B}.net_4_0_Release|Any CPU.Build.0 = Release|Any CPU
		{53DCA265-3C3C-42F9-B647-F72BA678122B}.net_4_5_Debug|Any CPU.ActiveCfg = net_4_5_Debug|Any CPU
		{53DCA265-3C3C-42F9-B647-F72BA678122B}.net_4_5_Debug|Any CPU.Build.0 = net_4_5_Debug|Any CPU
		{53DCA265-3C3C-42F9-B647-F72BA678122B}.net_4_5_Release|Any CPU.ActiveCfg = net_4_5_Release|Any CPU
		{53DCA265-3C3C-42F9-B647-F72BA678122B}.net_4_5_Release|Any CPU.Build.0 = net_4_5_Release|Any CPU
		{53DCA265-3C3C-42F9-B647-F72BA678122B}.pcl_Debug|Any CPU.ActiveCfg = Debug|Any CPU
		{53DCA265-3C3C-42F9-B647-F72BA678122B}.pcl_Debug|Any CPU.Build.0 = Debug|Any CPU
		{53DCA265-3C3C-42F9-B647-F72BA678122B}.pcl_Release|Any CPU.ActiveCfg = Release|Any CPU
		{53DCA265-3C3C-42F9-B647-F72BA678122B}.pcl_Release|Any CPU.Build.0 = Release|Any CPU
		{53DCA265-3C3C-42F9-B647-F72BA678122B}.Release|Any CPU.ActiveCfg = Release|Any CPU
		{53DCA265-3C3C-42F9-B647-F72BA678122B}.Release|Any CPU.Build.0 = Release|Any CPU
		{D68133BD-1E63-496E-9EDE-4FBDBF77B486}.Debug|Any CPU.ActiveCfg = pcl_Debug|Any CPU
		{D68133BD-1E63-496E-9EDE-4FBDBF77B486}.Debug|Any CPU.Build.0 = pcl_Debug|Any CPU
		{D68133BD-1E63-496E-9EDE-4FBDBF77B486}.net_2_0_Release|Any CPU.ActiveCfg = net_2_0_Release|Any CPU
		{D68133BD-1E63-496E-9EDE-4FBDBF77B486}.net_2_0_Release|Any CPU.Build.0 = net_2_0_Release|Any CPU
		{D68133BD-1E63-496E-9EDE-4FBDBF77B486}.net_3_5_Debug|Any CPU.ActiveCfg = net_3_5_Debug|Any CPU
		{D68133BD-1E63-496E-9EDE-4FBDBF77B486}.net_3_5_Debug|Any CPU.Build.0 = net_3_5_Debug|Any CPU
		{D68133BD-1E63-496E-9EDE-4FBDBF77B486}.net_3_5_Release|Any CPU.ActiveCfg = net_3_5_Release|Any CPU
		{D68133BD-1E63-496E-9EDE-4FBDBF77B486}.net_3_5_Release|Any CPU.Build.0 = net_3_5_Release|Any CPU
		{D68133BD-1E63-496E-9EDE-4FBDBF77B486}.net_4_0_Debug|Any CPU.ActiveCfg = net_4_0_Debug|Any CPU
		{D68133BD-1E63-496E-9EDE-4FBDBF77B486}.net_4_0_Debug|Any CPU.Build.0 = net_4_0_Debug|Any CPU
		{D68133BD-1E63-496E-9EDE-4FBDBF77B486}.net_4_0_Release|Any CPU.ActiveCfg = net_4_0_Release|Any CPU
		{D68133BD-1E63-496E-9EDE-4FBDBF77B486}.net_4_0_Release|Any CPU.Build.0 = net_4_0_Release|Any CPU
		{D68133BD-1E63-496E-9EDE-4FBDBF77B486}.net_4_5_Debug|Any CPU.ActiveCfg = net_4_5_Debug|Any CPU
		{D68133BD-1E63-496E-9EDE-4FBDBF77B486}.net_4_5_Debug|Any CPU.Build.0 = net_4_5_Debug|Any CPU
		{D68133BD-1E63-496E-9EDE-4FBDBF77B486}.net_4_5_Release|Any CPU.ActiveCfg = net_4_5_Release|Any CPU
		{D68133BD-1E63-496E-9EDE-4FBDBF77B486}.net_4_5_Release|Any CPU.Build.0 = net_4_5_Release|Any CPU
		{D68133BD-1E63-496E-9EDE-4FBDBF77B486}.pcl_Debug|Any CPU.ActiveCfg = pcl_Debug|Any CPU
		{D68133BD-1E63-496E-9EDE-4FBDBF77B486}.pcl_Debug|Any CPU.Build.0 = pcl_Debug|Any CPU
		{D68133BD-1E63-496E-9EDE-4FBDBF77B486}.pcl_Release|Any CPU.ActiveCfg = pcl_Release|Any CPU
		{D68133BD-1E63-496E-9EDE-4FBDBF77B486}.pcl_Release|Any CPU.Build.0 = pcl_Release|Any CPU
		{D68133BD-1E63-496E-9EDE-4FBDBF77B486}.Release|Any CPU.ActiveCfg = pcl_Release|Any CPU
		{D68133BD-1E63-496E-9EDE-4FBDBF77B486}.Release|Any CPU.Build.0 = pcl_Release|Any CPU
		{C2C927BA-1F91-40F8-B4BF-F67077D810A8}.Debug|Any CPU.ActiveCfg = Debug|Any CPU
		{C2C927BA-1F91-40F8-B4BF-F67077D810A8}.Debug|Any CPU.Build.0 = Debug|Any CPU
		{C2C927BA-1F91-40F8-B4BF-F67077D810A8}.net_2_0_Release|Any CPU.ActiveCfg = Release|Any CPU
		{C2C927BA-1F91-40F8-B4BF-F67077D810A8}.net_2_0_Release|Any CPU.Build.0 = Release|Any CPU
		{C2C927BA-1F91-40F8-B4BF-F67077D810A8}.net_3_5_Debug|Any CPU.ActiveCfg = Debug|Any CPU
		{C2C927BA-1F91-40F8-B4BF-F67077D810A8}.net_3_5_Debug|Any CPU.Build.0 = Debug|Any CPU
		{C2C927BA-1F91-40F8-B4BF-F67077D810A8}.net_3_5_Release|Any CPU.ActiveCfg = Release|Any CPU
		{C2C927BA-1F91-40F8-B4BF-F67077D810A8}.net_3_5_Release|Any CPU.Build.0 = Release|Any CPU
		{C2C927BA-1F91-40F8-B4BF-F67077D810A8}.net_4_0_Debug|Any CPU.ActiveCfg = Debug|Any CPU
		{C2C927BA-1F91-40F8-B4BF-F67077D810A8}.net_4_0_Debug|Any CPU.Build.0 = Debug|Any CPU
		{C2C927BA-1F91-40F8-B4BF-F67077D810A8}.net_4_0_Release|Any CPU.ActiveCfg = Release|Any CPU
		{C2C927BA-1F91-40F8-B4BF-F67077D810A8}.net_4_0_Release|Any CPU.Build.0 = Release|Any CPU
		{C2C927BA-1F91-40F8-B4BF-F67077D810A8}.net_4_5_Debug|Any CPU.ActiveCfg = Debug|Any CPU
		{C2C927BA-1F91-40F8-B4BF-F67077D810A8}.net_4_5_Debug|Any CPU.Build.0 = Debug|Any CPU
		{C2C927BA-1F91-40F8-B4BF-F67077D810A8}.net_4_5_Release|Any CPU.ActiveCfg = Release|Any CPU
		{C2C927BA-1F91-40F8-B4BF-F67077D810A8}.net_4_5_Release|Any CPU.Build.0 = Release|Any CPU
		{C2C927BA-1F91-40F8-B4BF-F67077D810A8}.pcl_Debug|Any CPU.ActiveCfg = Debug|Any CPU
		{C2C927BA-1F91-40F8-B4BF-F67077D810A8}.pcl_Debug|Any CPU.Build.0 = Debug|Any CPU
		{C2C927BA-1F91-40F8-B4BF-F67077D810A8}.pcl_Release|Any CPU.ActiveCfg = Release|Any CPU
		{C2C927BA-1F91-40F8-B4BF-F67077D810A8}.pcl_Release|Any CPU.Build.0 = Release|Any CPU
		{C2C927BA-1F91-40F8-B4BF-F67077D810A8}.Release|Any CPU.ActiveCfg = Release|Any CPU
		{C2C927BA-1F91-40F8-B4BF-F67077D810A8}.Release|Any CPU.Build.0 = Release|Any CPU
	EndGlobalSection
	GlobalSection(SolutionProperties) = preSolution
		HideSolutionNode = FALSE
	EndGlobalSection
	GlobalSection(NestedProjects) = preSolution
		{984CC812-9470-4A13-AFF9-CC44068D666C} = {6C8C82AE-C2D8-4EFB-BDFA-0837E638B663}
		{3B2A5653-EC97-4001-BB9B-D90F1AF2C371} = {6C8C82AE-C2D8-4EFB-BDFA-0837E638B663}
		{53DCA265-3C3C-42F9-B647-F72BA678122B} = {6C8C82AE-C2D8-4EFB-BDFA-0837E638B663}
		{D68133BD-1E63-496E-9EDE-4FBDBF77B486} = {6C8C82AE-C2D8-4EFB-BDFA-0837E638B663}
	EndGlobalSection
	GlobalSection(ExtensibilityGlobals) = postSolution
		SolutionGuid = {03334CE4-195F-42C1-8453-DF60ADCDAA23}
	EndGlobalSection
EndGlobal
